// !$*UTF8*$!
{
	archiveVersion = 1;
	classes = {
	};
	objectVersion = 50;
	objects = {

/* Begin PBXBuildFile section */
		1DABEF462767466E00730C77 /* AnimalCell.swift in Sources */ = {isa = PBXBuildFile; fileRef = 1DABEF452767466E00730C77 /* AnimalCell.swift */; };
		1DABEF482767467E00730C77 /* SportCell.swift in Sources */ = {isa = PBXBuildFile; fileRef = 1DABEF472767467E00730C77 /* SportCell.swift */; };
		1DB2F8152764930E00EA3FDF /* AppDelegate.swift in Sources */ = {isa = PBXBuildFile; fileRef = 1DB2F8142764930E00EA3FDF /* AppDelegate.swift */; };
		1DB2F8172764930E00EA3FDF /* SceneDelegate.swift in Sources */ = {isa = PBXBuildFile; fileRef = 1DB2F8162764930E00EA3FDF /* SceneDelegate.swift */; };
		1DB2F8192764930E00EA3FDF /* SampleViewController.swift in Sources */ = {isa = PBXBuildFile; fileRef = 1DB2F8182764930E00EA3FDF /* SampleViewController.swift */; };
		1DB2F81E2764930F00EA3FDF /* Assets.xcassets in Resources */ = {isa = PBXBuildFile; fileRef = 1DB2F81D2764930F00EA3FDF /* Assets.xcassets */; };
		1DB2F8212764930F00EA3FDF /* LaunchScreen.storyboard in Resources */ = {isa = PBXBuildFile; fileRef = 1DB2F81F2764930F00EA3FDF /* LaunchScreen.storyboard */; };
		1DB2F8292764A2F400EA3FDF /* MultipleViewController.swift in Sources */ = {isa = PBXBuildFile; fileRef = 1DB2F8282764A2F400EA3FDF /* MultipleViewController.swift */; };
		1DB2F82E2764A5A100EA3FDF /* RootListViewController.swift in Sources */ = {isa = PBXBuildFile; fileRef = 1DB2F82D2764A5A100EA3FDF /* RootListViewController.swift */; };
		1DE5D174276871F30010E3FD /* UICollectionView+Extensions.swift in Sources */ = {isa = PBXBuildFile; fileRef = 1DE5D173276871F30010E3FD /* UICollectionView+Extensions.swift */; };
		1DE5D177276872250010E3FD /* ClassNameProtocol.swift in Sources */ = {isa = PBXBuildFile; fileRef = 1DE5D176276872250010E3FD /* ClassNameProtocol.swift */; };
		1DE5D179276873720010E3FD /* SportCell.xib in Resources */ = {isa = PBXBuildFile; fileRef = 1DE5D178276873720010E3FD /* SportCell.xib */; };
/* End PBXBuildFile section */

/* Begin PBXFileReference section */
		1DABEF452767466E00730C77 /* AnimalCell.swift */ = {isa = PBXFileReference; lastKnownFileType = sourcecode.swift; path = AnimalCell.swift; sourceTree = "<group>"; };
		1DABEF472767467E00730C77 /* SportCell.swift */ = {isa = PBXFileReference; lastKnownFileType = sourcecode.swift; path = SportCell.swift; sourceTree = "<group>"; };
		1DB2F8112764930E00EA3FDF /* UICollectionView_CellRegistration_Sample.app */ = {isa = PBXFileReference; explicitFileType = wrapper.application; includeInIndex = 0; path = UICollectionView_CellRegistration_Sample.app; sourceTree = BUILT_PRODUCTS_DIR; };
		1DB2F8142764930E00EA3FDF /* AppDelegate.swift */ = {isa = PBXFileReference; lastKnownFileType = sourcecode.swift; path = AppDelegate.swift; sourceTree = "<group>"; };
		1DB2F8162764930E00EA3FDF /* SceneDelegate.swift */ = {isa = PBXFileReference; lastKnownFileType = sourcecode.swift; path = SceneDelegate.swift; sourceTree = "<group>"; };
		1DB2F8182764930E00EA3FDF /* SampleViewController.swift */ = {isa = PBXFileReference; lastKnownFileType = sourcecode.swift; path = SampleViewController.swift; sourceTree = "<group>"; };
		1DB2F81D2764930F00EA3FDF /* Assets.xcassets */ = {isa = PBXFileReference; lastKnownFileType = folder.assetcatalog; path = Assets.xcassets; sourceTree = "<group>"; };
		1DB2F8202764930F00EA3FDF /* Base */ = {isa = PBXFileReference; lastKnownFileType = file.storyboard; name = Base; path = Base.lproj/LaunchScreen.storyboard; sourceTree = "<group>"; };
		1DB2F8222764930F00EA3FDF /* Info.plist */ = {isa = PBXFileReference; lastKnownFileType = text.plist.xml; path = Info.plist; sourceTree = "<group>"; };
		1DB2F8282764A2F400EA3FDF /* MultipleViewController.swift */ = {isa = PBXFileReference; lastKnownFileType = sourcecode.swift; path = MultipleViewController.swift; sourceTree = "<group>"; };
		1DB2F82D2764A5A100EA3FDF /* RootListViewController.swift */ = {isa = PBXFileReference; lastKnownFileType = sourcecode.swift; path = RootListViewController.swift; sourceTree = "<group>"; };
		1DE5D173276871F30010E3FD /* UICollectionView+Extensions.swift */ = {isa = PBXFileReference; lastKnownFileType = sourcecode.swift; path = "UICollectionView+Extensions.swift"; sourceTree = "<group>"; };
		1DE5D176276872250010E3FD /* ClassNameProtocol.swift */ = {isa = PBXFileReference; lastKnownFileType = sourcecode.swift; path = ClassNameProtocol.swift; sourceTree = "<group>"; };
		1DE5D178276873720010E3FD /* SportCell.xib */ = {isa = PBXFileReference; lastKnownFileType = file.xib; path = SportCell.xib; sourceTree = "<group>"; };
/* End PBXFileReference section */

/* Begin PBXFrameworksBuildPhase section */
		1DB2F80E2764930E00EA3FDF /* Frameworks */ = {
			isa = PBXFrameworksBuildPhase;
			buildActionMask = 2147483647;
			files = (
			);
			runOnlyForDeploymentPostprocessing = 0;
		};
/* End PBXFrameworksBuildPhase section */

/* Begin PBXGroup section */
		1DABEF412767423200730C77 /* Launch */ = {
			isa = PBXGroup;
			children = (
				1DB2F81F2764930F00EA3FDF /* LaunchScreen.storyboard */,
			);
			path = Launch;
			sourceTree = "<group>";
		};
		1DABEF422767423B00730C77 /* RootList */ = {
			isa = PBXGroup;
			children = (
				1DB2F82D2764A5A100EA3FDF /* RootListViewController.swift */,
			);
			path = RootList;
			sourceTree = "<group>";
		};
		1DABEF432767425600730C77 /* Sample */ = {
			isa = PBXGroup;
			children = (
				1DB2F8182764930E00EA3FDF /* SampleViewController.swift */,
			);
			path = Sample;
			sourceTree = "<group>";
		};
		1DABEF442767426200730C77 /* Multiple */ = {
			isa = PBXGroup;
			children = (
				1DB2F8282764A2F400EA3FDF /* MultipleViewController.swift */,
				1DABEF452767466E00730C77 /* AnimalCell.swift */,
				1DABEF472767467E00730C77 /* SportCell.swift */,
				1DE5D178276873720010E3FD /* SportCell.xib */,
			);
			path = Multiple;
			sourceTree = "<group>";
		};
		1DB2F8082764930E00EA3FDF = {
			isa = PBXGroup;
			children = (
				1DB2F8132764930E00EA3FDF /* UICollectionView_CellRegistration_Sample */,
				1DB2F8122764930E00EA3FDF /* Products */,
			);
			sourceTree = "<group>";
		};
		1DB2F8122764930E00EA3FDF /* Products */ = {
			isa = PBXGroup;
			children = (
				1DB2F8112764930E00EA3FDF /* UICollectionView_CellRegistration_Sample.app */,
			);
			name = Products;
			sourceTree = "<group>";
		};
		1DB2F8132764930E00EA3FDF /* UICollectionView_CellRegistration_Sample */ = {
			isa = PBXGroup;
			children = (
				1DB2F82A2764A4E500EA3FDF /* Scenes */,
				1DE5D172276871DF0010E3FD /* Extensions */,
				1DE5D175276872100010E3FD /* Protocols */,
				1DB2F82C2764A4FE00EA3FDF /* Resources */,
				1DB2F8222764930F00EA3FDF /* Info.plist */,
			);
			path = UICollectionView_CellRegistration_Sample;
			sourceTree = "<group>";
		};
		1DB2F82A2764A4E500EA3FDF /* Scenes */ = {
			isa = PBXGroup;
			children = (
				1DB2F8142764930E00EA3FDF /* AppDelegate.swift */,
				1DB2F8162764930E00EA3FDF /* SceneDelegate.swift */,
				1DABEF412767423200730C77 /* Launch */,
				1DABEF422767423B00730C77 /* RootList */,
				1DABEF432767425600730C77 /* Sample */,
				1DABEF442767426200730C77 /* Multiple */,
			);
			path = Scenes;
			sourceTree = "<group>";
		};
		1DB2F82C2764A4FE00EA3FDF /* Resources */ = {
			isa = PBXGroup;
			children = (
				1DB2F81D2764930F00EA3FDF /* Assets.xcassets */,
			);
			path = Resources;
			sourceTree = "<group>";
		};
		1DE5D172276871DF0010E3FD /* Extensions */ = {
			isa = PBXGroup;
			children = (
				1DE5D173276871F30010E3FD /* UICollectionView+Extensions.swift */,
			);
			path = Extensions;
			sourceTree = "<group>";
		};
		1DE5D175276872100010E3FD /* Protocols */ = {
			isa = PBXGroup;
			children = (
				1DE5D176276872250010E3FD /* ClassNameProtocol.swift */,
			);
			path = Protocols;
			sourceTree = "<group>";
		};
/* End PBXGroup section */

/* Begin PBXNativeTarget section */
		1DB2F8102764930E00EA3FDF /* UICollectionView_CellRegistration_Sample */ = {
			isa = PBXNativeTarget;
			buildConfigurationList = 1DB2F8252764930F00EA3FDF /* Build configuration list for PBXNativeTarget "UICollectionView_CellRegistration_Sample" */;
			buildPhases = (
				1DB2F80D2764930E00EA3FDF /* Sources */,
				1DB2F80E2764930E00EA3FDF /* Frameworks */,
				1DB2F80F2764930E00EA3FDF /* Resources */,
			);
			buildRules = (
			);
			dependencies = (
			);
			name = UICollectionView_CellRegistration_Sample;
			productName = UICollectionView_CellRegistration_Sample;
			productReference = 1DB2F8112764930E00EA3FDF /* UICollectionView_CellRegistration_Sample.app */;
			productType = "com.apple.product-type.application";
		};
/* End PBXNativeTarget section */

/* Begin PBXProject section */
		1DB2F8092764930E00EA3FDF /* Project object */ = {
			isa = PBXProject;
			attributes = {
				LastSwiftUpdateCheck = 1250;
				LastUpgradeCheck = 1250;
				TargetAttributes = {
					1DB2F8102764930E00EA3FDF = {
						CreatedOnToolsVersion = 12.5;
					};
				};
			};
			buildConfigurationList = 1DB2F80C2764930E00EA3FDF /* Build configuration list for PBXProject "UICollectionView_CellRegistration_Sample" */;
			compatibilityVersion = "Xcode 9.3";
			developmentRegion = en;
			hasScannedForEncodings = 0;
			knownRegions = (
				en,
				Base,
			);
			mainGroup = 1DB2F8082764930E00EA3FDF;
			productRefGroup = 1DB2F8122764930E00EA3FDF /* Products */;
			projectDirPath = "";
			projectRoot = "";
			targets = (
				1DB2F8102764930E00EA3FDF /* UICollectionView_CellRegistration_Sample */,
			);
		};
/* End PBXProject section */

/* Begin PBXResourcesBuildPhase section */
		1DB2F80F2764930E00EA3FDF /* Resources */ = {
			isa = PBXResourcesBuildPhase;
			buildActionMask = 2147483647;
			files = (
				1DB2F8212764930F00EA3FDF /* LaunchScreen.storyboard in Resources */,
				1DE5D179276873720010E3FD /* SportCell.xib in Resources */,
				1DB2F81E2764930F00EA3FDF /* Assets.xcassets in Resources */,
			);
			runOnlyForDeploymentPostprocessing = 0;
		};
/* End PBXResourcesBuildPhase section */

/* Begin PBXSourcesBuildPhase section */
		1DB2F80D2764930E00EA3FDF /* Sources */ = {
			isa = PBXSourcesBuildPhase;
			buildActionMask = 2147483647;
			files = (
				1DB2F8192764930E00EA3FDF /* SampleViewController.swift in Sources */,
				1DABEF462767466E00730C77 /* AnimalCell.swift in Sources */,
				1DABEF482767467E00730C77 /* SportCell.swift in Sources */,
				1DE5D177276872250010E3FD /* ClassNameProtocol.swift in Sources */,
				1DB2F8152764930E00EA3FDF /* AppDelegate.swift in Sources */,
				1DE5D174276871F30010E3FD /* UICollectionView+Extensions.swift in Sources */,
				1DB2F8172764930E00EA3FDF /* SceneDelegate.swift in Sources */,
				1DB2F82E2764A5A100EA3FDF /* RootListViewController.swift in Sources */,
				1DB2F8292764A2F400EA3FDF /* MultipleViewController.swift in Sources */,
			);
			runOnlyForDeploymentPostprocessing = 0;
		};
/* End PBXSourcesBuildPhase section */

/* Begin PBXVariantGroup section */
		1DB2F81F2764930F00EA3FDF /* LaunchScreen.storyboard */ = {
			isa = PBXVariantGroup;
			children = (
				1DB2F8202764930F00EA3FDF /* Base */,
			);
			name = LaunchScreen.storyboard;
			sourceTree = "<group>";
		};
/* End PBXVariantGroup section */

/* Begin XCBuildConfiguration section */
		1DB2F8232764930F00EA3FDF /* Debug */ = {
			isa = XCBuildConfiguration;
			buildSettings = {
				ALWAYS_SEARCH_USER_PATHS = NO;
				CLANG_ANALYZER_NONNULL = YES;
				CLANG_ANALYZER_NUMBER_OBJECT_CONVERSION = YES_AGGRESSIVE;
				CLANG_CXX_LANGUAGE_STANDARD = "gnu++14";
				CLANG_CXX_LIBRARY = "libc++";
				CLANG_ENABLE_MODULES = YES;
				CLANG_ENABLE_OBJC_ARC = YES;
				CLANG_ENABLE_OBJC_WEAK = YES;
				CLANG_WARN_BLOCK_CAPTURE_AUTORELEASING = YES;
				CLANG_WARN_BOOL_CONVERSION = YES;
				CLANG_WARN_COMMA = YES;
				CLANG_WARN_CONSTANT_CONVERSION = YES;
				CLANG_WARN_DEPRECATED_OBJC_IMPLEMENTATIONS = YES;
				CLANG_WARN_DIRECT_OBJC_ISA_USAGE = YES_ERROR;
				CLANG_WARN_DOCUMENTATION_COMMENTS = YES;
				CLANG_WARN_EMPTY_BODY = YES;
				CLANG_WARN_ENUM_CONVERSION = YES;
				CLANG_WARN_INFINITE_RECURSION = YES;
				CLANG_WARN_INT_CONVERSION = YES;
				CLANG_WARN_NON_LITERAL_NULL_CONVERSION = YES;
				CLANG_WARN_OBJC_IMPLICIT_RETAIN_SELF = YES;
				CLANG_WARN_OBJC_LITERAL_CONVERSION = YES;
				CLANG_WARN_OBJC_ROOT_CLASS = YES_ERROR;
				CLANG_WARN_QUOTED_INCLUDE_IN_FRAMEWORK_HEADER = YES;
				CLANG_WARN_RANGE_LOOP_ANALYSIS = YES;
				CLANG_WARN_STRICT_PROTOTYPES = YES;
				CLANG_WARN_SUSPICIOUS_MOVE = YES;
				CLANG_WARN_UNGUARDED_AVAILABILITY = YES_AGGRESSIVE;
				CLANG_WARN_UNREACHABLE_CODE = YES;
				CLANG_WARN__DUPLICATE_METHOD_MATCH = YES;
				COPY_PHASE_STRIP = NO;
				DEBUG_INFORMATION_FORMAT = dwarf;
				ENABLE_STRICT_OBJC_MSGSEND = YES;
				ENABLE_TESTABILITY = YES;
				GCC_C_LANGUAGE_STANDARD = gnu11;
				GCC_DYNAMIC_NO_PIC = NO;
				GCC_NO_COMMON_BLOCKS = YES;
				GCC_OPTIMIZATION_LEVEL = 0;
				GCC_PREPROCESSOR_DEFINITIONS = (
					"DEBUG=1",
					"$(inherited)",
				);
				GCC_WARN_64_TO_32_BIT_CONVERSION = YES;
				GCC_WARN_ABOUT_RETURN_TYPE = YES_ERROR;
				GCC_WARN_UNDECLARED_SELECTOR = YES;
				GCC_WARN_UNINITIALIZED_AUTOS = YES_AGGRESSIVE;
				GCC_WARN_UNUSED_FUNCTION = YES;
				GCC_WARN_UNUSED_VARIABLE = YES;
				IPHONEOS_DEPLOYMENT_TARGET = 14.5;
				MTL_ENABLE_DEBUG_INFO = INCLUDE_SOURCE;
				MTL_FAST_MATH = YES;
				ONLY_ACTIVE_ARCH = YES;
				SDKROOT = iphoneos;
				SWIFT_ACTIVE_COMPILATION_CONDITIONS = DEBUG;
				SWIFT_OPTIMIZATION_LEVEL = "-Onone";
			};
			name = Debug;
		};
		1DB2F8242764930F00EA3FDF /* Release */ = {
			isa = XCBuildConfiguration;
			buildSettings = {
				ALWAYS_SEARCH_USER_PATHS = NO;
				CLANG_ANALYZER_NONNULL = YES;
				CLANG_ANALYZER_NUMBER_OBJECT_CONVERSION = YES_AGGRESSIVE;
				CLANG_CXX_LANGUAGE_STANDARD = "gnu++14";
				CLANG_CXX_LIBRARY = "libc++";
				CLANG_ENABLE_MODULES = YES;
				CLANG_ENABLE_OBJC_ARC = YES;
				CLANG_ENABLE_OBJC_WEAK = YES;
				CLANG_WARN_BLOCK_CAPTURE_AUTORELEASING = YES;
				CLANG_WARN_BOOL_CONVERSION = YES;
				CLANG_WARN_COMMA = YES;
				CLANG_WARN_CONSTANT_CONVERSION = YES;
				CLANG_WARN_DEPRECATED_OBJC_IMPLEMENTATIONS = YES;
				CLANG_WARN_DIRECT_OBJC_ISA_USAGE = YES_ERROR;
				CLANG_WARN_DOCUMENTATION_COMMENTS = YES;
				CLANG_WARN_EMPTY_BODY = YES;
				CLANG_WARN_ENUM_CONVERSION = YES;
				CLANG_WARN_INFINITE_RECURSION = YES;
				CLANG_WARN_INT_CONVERSION = YES;
				CLANG_WARN_NON_LITERAL_NULL_CONVERSION = YES;
				CLANG_WARN_OBJC_IMPLICIT_RETAIN_SELF = YES;
				CLANG_WARN_OBJC_LITERAL_CONVERSION = YES;
				CLANG_WARN_OBJC_ROOT_CLASS = YES_ERROR;
				CLANG_WARN_QUOTED_INCLUDE_IN_FRAMEWORK_HEADER = YES;
				CLANG_WARN_RANGE_LOOP_ANALYSIS = YES;
				CLANG_WARN_STRICT_PROTOTYPES = YES;
				CLANG_WARN_SUSPICIOUS_MOVE = YES;
				CLANG_WARN_UNGUARDED_AVAILABILITY = YES_AGGRESSIVE;
				CLANG_WARN_UNREACHABLE_CODE = YES;
				CLANG_WARN__DUPLICATE_METHOD_MATCH = YES;
				COPY_PHASE_STRIP = NO;
				DEBUG_INFORMATION_FORMAT = "dwarf-with-dsym";
				ENABLE_NS_ASSERTIONS = NO;
				ENABLE_STRICT_OBJC_MSGSEND = YES;
				GCC_C_LANGUAGE_STANDARD = gnu11;
				GCC_NO_COMMON_BLOCKS = YES;
				GCC_WARN_64_TO_32_BIT_CONVERSION = YES;
				GCC_WARN_ABOUT_RETURN_TYPE = YES_ERROR;
				GCC_WARN_UNDECLARED_SELECTOR = YES;
				GCC_WARN_UNINITIALIZED_AUTOS = YES_AGGRESSIVE;
				GCC_WARN_UNUSED_FUNCTION = YES;
				GCC_WARN_UNUSED_VARIABLE = YES;
				IPHONEOS_DEPLOYMENT_TARGET = 14.5;
				MTL_ENABLE_DEBUG_INFO = NO;
				MTL_FAST_MATH = YES;
				SDKROOT = iphoneos;
				SWIFT_COMPILATION_MODE = wholemodule;
				SWIFT_OPTIMIZATION_LEVEL = "-O";
				VALIDATE_PRODUCT = YES;
			};
			name = Release;
		};
		1DB2F8262764930F00EA3FDF /* Debug */ = {
			isa = XCBuildConfiguration;
			buildSettings = {
				ASSETCATALOG_COMPILER_APPICON_NAME = AppIcon;
				ASSETCATALOG_COMPILER_GLOBAL_ACCENT_COLOR_NAME = AccentColor;
				CODE_SIGN_STYLE = Automatic;
				INFOPLIST_FILE = UICollectionView_CellRegistration_Sample/Info.plist;
				LD_RUNPATH_SEARCH_PATHS = (
					"$(inherited)",
					"@executable_path/Frameworks",
				);
				PRODUCT_BUNDLE_IDENTIFIER = "hcrane.UICollectionView-CellRegistration-Sample";
				PRODUCT_NAME = "$(TARGET_NAME)";
				SWIFT_VERSION = 5.0;
				TARGETED_DEVICE_FAMILY = "1,2";
			};
			name = Debug;
		};
		1DB2F8272764930F00EA3FDF /* Release */ = {
			isa = XCBuildConfiguration;
			buildSettings = {
				ASSETCATALOG_COMPILER_APPICON_NAME = AppIcon;
				ASSETCATALOG_COMPILER_GLOBAL_ACCENT_COLOR_NAME = AccentColor;
				CODE_SIGN_STYLE = Automatic;
				INFOPLIST_FILE = UICollectionView_CellRegistration_Sample/Info.plist;
				LD_RUNPATH_SEARCH_PATHS = (
					"$(inherited)",
					"@executable_path/Frameworks",
				);
				PRODUCT_BUNDLE_IDENTIFIER = "hcrane.UICollectionView-CellRegistration-Sample";
				PRODUCT_NAME = "$(TARGET_NAME)";
				SWIFT_VERSION = 5.0;
				TARGETED_DEVICE_FAMILY = "1,2";
			};
			name = Release;
		};
/* End XCBuildConfiguration section */

/* Begin XCConfigurationList section */
		1DB2F80C2764930E00EA3FDF /* Build configuration list for PBXProject "UICollectionView_CellRegistration_Sample" */ = {
			isa = XCConfigurationList;
			buildConfigurations = (
				1DB2F8232764930F00EA3FDF /* Debug */,
				1DB2F8242764930F00EA3FDF /* Release */,
			);
			defaultConfigurationIsVisible = 0;
			defaultConfigurationName = Release;
		};
		1DB2F8252764930F00EA3FDF /* Build configuration list for PBXNativeTarget "UICollectionView_CellRegistration_Sample" */ = {
			isa = XCConfigurationList;
			buildConfigurations = (
				1DB2F8262764930F00EA3FDF /* Debug */,
				1DB2F8272764930F00EA3FDF /* Release */,
			);
			defaultConfigurationIsVisible = 0;
			defaultConfigurationName = Release;
		};
/* End XCConfigurationList section */
	};
	rootObject = 1DB2F8092764930E00EA3FDF /* Project object */;
}
